// !$*UTF8*$!
{
 archiveVersion = 1;
 classes = {};
 objectVersion = 56;
 objects = {
  A001 = {isa = PBXBuildFile; fileRef = B001; };
  A002 = {isa = PBXBuildFile; fileRef = B002; };
  A003 = {isa = PBXBuildFile; fileRef = B003; };
  A004 = {isa = PBXBuildFile; fileRef = B004; };
  A005 = {isa = PBXBuildFile; fileRef = B005; };
  A006 = {isa = PBXBuildFile; fileRef = B006; };
  A007 = {isa = PBXBuildFile; fileRef = B007; };
  A008 = {isa = PBXBuildFile; fileRef = B008; };
  A009 = {isa = PBXBuildFile; fileRef = B009; };
  B001 = {isa = PBXFileReference; lastKnownFileType = sourcecode.swift; path = PensievePrivateApp.swift; sourceTree = "<group>"; };
  B002 = {isa = PBXFileReference; lastKnownFileType = sourcecode.swift; path = PrivateKeyStore.swift; sourceTree = "<group>"; };
  B003 = {isa = PBXFileReference; lastKnownFileType = sourcecode.swift; path = OpenAIClient.swift; sourceTree = "<group>"; };
  B004 = {isa = PBXFileReference; lastKnownFileType = sourcecode.swift; path = ChatViewModel.swift; sourceTree = "<group>"; };
  B005 = {isa = PBXFileReference; lastKnownFileType = sourcecode.swift; path = ContentView.swift; sourceTree = "<group>"; };
  B006 = {isa = PBXFileReference; lastKnownFileType = sourcecode.swift; path = SettingsView.swift; sourceTree = "<group>"; };
  B007 = {isa = PBXFileReference; lastKnownFileType = sourcecode.swift; path = Conversation.swift; sourceTree = "<group>"; };
  B008 = {isa = PBXFileReference; lastKnownFileType = sourcecode.swift; path = ConversationRepository.swift; sourceTree = "<group>"; };
  B009 = {isa = PBXFileReference; lastKnownFileType = sourcecode.swift; path = ReflectionPolicy.swift; sourceTree = "<group>"; };
  B010 = {isa = PBXFileReference; explicitFileType = wrapper.application; includeInIndex = 0; path = PensievePrivate.app; sourceTree = BUILT_PRODUCTS_DIR; };
  C001 = {isa = PBXGroup; children = (C002, C003, C004); sourceTree = "<group>"; };
  C002 = {isa = PBXGroup; children = (B001, B002, B004, B005, B006); path = PensievePrivate; sourceTree = "<group>"; };
  C003 = {isa = PBXGroup; children = (B003, B007, B008, B009); name = PensieveCore; path = Core/Sources/PensieveCore; sourceTree = "<group>"; };
  C004 = {isa = PBXGroup; children = (B010); name = Products; sourceTree = "<group>"; };
  D001 = {isa = PBXSourcesBuildPhase; buildActionMask = 2147483647; files = (A001, A002, A003, A004, A005, A006, A007, A008, A009); runOnlyForDeploymentPostprocessing = 0; };
  D002 = {isa = PBXFrameworksBuildPhase; buildActionMask = 2147483647; files = (); runOnlyForDeploymentPostprocessing = 0; };
  E001 = {isa = PBXNativeTarget; buildConfigurationList = G002; buildPhases = (D001, D002); buildRules = (); dependencies = (); name = PensievePrivate; productName = PensievePrivate; productReference = B010; productType = "com.apple.product-type.application"; };
  F001 = {isa = PBXProject; attributes = { BuildIndependentTargetsInParallel = 1; LastUpgradeCheck = 1650; TargetAttributes = { E001 = { CreatedOnToolsVersion = 26.5; }; }; }; buildConfigurationList = G001; compatibilityVersion = "Xcode 14.0"; developmentRegion = en; hasScannedForEncodings = 0; knownRegions = (en, Base); mainGroup = C001; productRefGroup = C004; projectDirPath = ""; projectRoot = ""; targets = (E001); };
  G001 = {isa = XCConfigurationList; buildConfigurations = (H001, H002); defaultConfigurationIsVisible = 0; defaultConfigurationName = Release; };
  G002 = {isa = XCConfigurationList; buildConfigurations = (H003, H004); defaultConfigurationIsVisible = 0; defaultConfigurationName = Release; };
  H001 = {isa = XCBuildConfiguration; buildSettings = { ALWAYS_SEARCH_USER_PATHS = NO; CLANG_ENABLE_MODULES = YES; CODE_SIGN_STYLE = Automatic; DEBUG_INFORMATION_FORMAT = dwarf; GCC_OPTIMIZATION_LEVEL = 0; IPHONEOS_DEPLOYMENT_TARGET = 17.0; SDKROOT = iphoneos; SWIFT_ACTIVE_COMPILATION_CONDITIONS = DEBUG; SWIFT_OPTIMIZATION_LEVEL = "-Onone"; SWIFT_VERSION = 5.0; }; name = Debug; };
  H002 = {isa = XCBuildConfiguration; buildSettings = { ALWAYS_SEARCH_USER_PATHS = NO; CLANG_ENABLE_MODULES = YES; CODE_SIGN_STYLE = Automatic; DEBUG_INFORMATION_FORMAT = "dwarf-with-dsym"; IPHONEOS_DEPLOYMENT_TARGET = 17.0; SDKROOT = iphoneos; SWIFT_COMPILATION_MODE = wholemodule; SWIFT_OPTIMIZATION_LEVEL = "-O"; SWIFT_VERSION = 5.0; }; name = Release; };
  H003 = {isa = XCBuildConfiguration; buildSettings = { CODE_SIGN_STYLE = Automatic; CURRENT_PROJECT_VERSION = 1; GENERATE_INFOPLIST_FILE = YES; INFOPLIST_KEY_CFBundleDisplayName = Pensieve; INFOPLIST_KEY_UIApplicationSceneManifest_Generation = YES; INFOPLIST_KEY_UILaunchScreen_Generation = YES; IPHONEOS_DEPLOYMENT_TARGET = 17.0; MARKETING_VERSION = 0.1; PRODUCT_BUNDLE_IDENTIFIER = com.linusliam.pensieve.private; PRODUCT_NAME = "$(TARGET_NAME)"; SUPPORTED_PLATFORMS = "iphoneos iphonesimulator"; SWIFT_VERSION = 5.0; TARGETED_DEVICE_FAMILY = 1; }; name = Debug; };
  H004 = {isa = XCBuildConfiguration; buildSettings = { CODE_SIGN_STYLE = Automatic; CURRENT_PROJECT_VERSION = 1; GENERATE_INFOPLIST_FILE = YES; INFOPLIST_KEY_CFBundleDisplayName = Pensieve; INFOPLIST_KEY_UIApplicationSceneManifest_Generation = YES; INFOPLIST_KEY_UILaunchScreen_Generation = YES; IPHONEOS_DEPLOYMENT_TARGET = 17.0; MARKETING_VERSION = 0.1; PRODUCT_BUNDLE_IDENTIFIER = com.linusliam.pensieve.private; PRODUCT_NAME = "$(TARGET_NAME)"; SUPPORTED_PLATFORMS = "iphoneos iphonesimulator"; SWIFT_VERSION = 5.0; TARGETED_DEVICE_FAMILY = 1; }; name = Release; };
 };
 rootObject = F001;
}
